
Microsoft Visual Studio Solution File, Format Version 12.00
# Visual Studio Version 17
VisualStudioVersion = 17.11.35312.102
MinimumVisualStudioVersion = 10.0.40219.1
Project("{9A19103F-16F7-4668-BE54-9A1E7A4F7556}") = "Kata.Challange.CharactersApp", "Kata.Challange.CharactersApp\Kata.Challange.CharactersApp.csproj", "{336B2F06-AB1E-4F57-A292-2E3241778DE2}"
EndProject
Project("{9A19103F-16F7-4668-BE54-9A1E7A4F7556}") = "Kata.Challange.CharactersAppTwo", "Kata.Challange.CharactersAppTwo\Kata.Challange.CharactersAppTwo.csproj", "{FBEA815E-2224-4AB0-A8C8-E581BB2520D8}"
EndProject
Project("{FAE04EC0-301F-11D3-BF4B-00C04F79EFBC}") = "Kata.Challange.Characters.Tests", "Kata.Challange.Characters.Tests\Kata.Challange.Characters.Tests.csproj", "{99313D22-2713-4C14-8B4F-BFED354CECE1}"
EndProject
Project("{FAE04EC0-301F-11D3-BF4B-00C04F79EFBC}") = "Kata.Challange.Characters.Services", "Kata.Challange.Characters.Services\Kata.Challange.Characters.Services.csproj", "{A1B16AAF-A668-4633-953C-FEAF6107AA7E}"
EndProject
Global
	GlobalSection(SolutionConfigurationPlatforms) = preSolution
		Debug|Any CPU = Debug|Any CPU
		Release|Any CPU = Release|Any CPU
	EndGlobalSection
	GlobalSection(ProjectConfigurationPlatforms) = postSolution
		{336B2F06-AB1E-4F57-A292-2E3241778DE2}.Debug|Any CPU.ActiveCfg = Debug|Any CPU
		{336B2F06-AB1E-4F57-A292-2E3241778DE2}.Debug|Any CPU.Build.0 = Debug|Any CPU
		{336B2F06-AB1E-4F57-A292-2E3241778DE2}.Release|Any CPU.ActiveCfg = Release|Any CPU
		{336B2F06-AB1E-4F57-A292-2E3241778DE2}.Release|Any CPU.Build.0 = Release|Any CPU
		{FBEA815E-2224-4AB0-A8C8-E581BB2520D8}.Debug|Any CPU.ActiveCfg = Debug|Any CPU
		{FBEA815E-2224-4AB0-A8C8-E581BB2520D8}.Debug|Any CPU.Build.0 = Debug|Any CPU
		{FBEA815E-2224-4AB0-A8C8-E581BB2520D8}.Release|Any CPU.ActiveCfg = Release|Any CPU
		{FBEA815E-2224-4AB0-A8C8-E581BB2520D8}.Release|Any CPU.Build.0 = Release|Any CPU
		{99313D22-2713-4C14-8B4F-BFED354CECE1}.Debug|Any CPU.ActiveCfg = Debug|Any CPU
		{99313D22-2713-4C14-8B4F-BFED354CECE1}.Debug|Any CPU.Build.0 = Debug|Any CPU
		{99313D22-2713-4C14-8B4F-BFED354CECE1}.Release|Any CPU.ActiveCfg = Release|Any CPU
		{99313D22-2713-4C14-8B4F-BFED354CECE1}.Release|Any CPU.Build.0 = Release|Any CPU
		{A1B16AAF-A668-4633-953C-FEAF6107AA7E}.Debug|Any CPU.ActiveCfg = Debug|Any CPU
		{A1B16AAF-A668-4633-953C-FEAF6107AA7E}.Debug|Any CPU.Build.0 = Debug|Any CPU
		{A1B16AAF-A668-4633-953C-FEAF6107AA7E}.Release|Any CPU.ActiveCfg = Release|Any CPU
		{A1B16AAF-A668-4633-953C-FEAF6107AA7E}.Release|Any CPU.Build.0 = Release|Any CPU
	EndGlobalSection
	GlobalSection(SolutionProperties) = preSolution
		HideSolutionNode = FALSE
	EndGlobalSection
	GlobalSection(ExtensibilityGlobals) = postSolution
		SolutionGuid = {ECEC4AA5-DA46-42B7-ACE9-F71D5670C8EB}
	EndGlobalSection
EndGlobal
